PODS:
  - Alamofire (5.6.2)
  - Swinject (2.8.2)

DEPENDENCIES:
  - Alamofire
  - Swinject

SPEC REPOS:
  trunk:
    - Alamofire
    - Swinject

SPEC CHECKSUMS:
  Alamofire: d368e1ff8a298e6dde360e35a3e68e6c610e7204
  Swinject: b4a11b31992e8668308dc594ba1cb9b3164a37ab

PODFILE CHECKSUM: ae5a5a67dd01cd6fa58def0a1a97e423d4a84de9

COCOAPODS: 1.11.3
