// !$*UTF8*$!
{
	archiveVersion = 1;
	classes = {
	};
	objectVersion = 56;
	objects = {

/* Begin PBXBuildFile section */
		22399040471AB0302B759D88 /* Pods_CupidCook.framework in Frameworks */ = {isa = PBXBuildFile; fileRef = 1D4B7CB3DC4AB3B4D598E7EC /* Pods_CupidCook.framework */; };
		6386BE9E30EE6289543BB30E /* Pods_CupidCook_CupidCookUITests.framework in Frameworks */ = {isa = PBXBuildFile; fileRef = A355E903B1626B94B7FE200B /* Pods_CupidCook_CupidCookUITests.framework */; };
		8046CA51ABB77ECE349D441F /* Pods_CupidCookTests.framework in Frameworks */ = {isa = PBXBuildFile; fileRef = EB6C4D371ACAA0CF91D379D6 /* Pods_CupidCookTests.framework */; };
		F2430A8F2908F8E3002E9A95 /* CircleButton.swift in Sources */ = {isa = PBXBuildFile; fileRef = F2430A8E2908F8E3002E9A95 /* CircleButton.swift */; };
		F2430A912908F950002E9A95 /* StackRecipeCardView.swift in Sources */ = {isa = PBXBuildFile; fileRef = F2430A902908F950002E9A95 /* StackRecipeCardView.swift */; };
		F2430A972909019C002E9A95 /* Recipe.swift in Sources */ = {isa = PBXBuildFile; fileRef = F2430A962909019C002E9A95 /* Recipe.swift */; };
		F2430A9A290901F7002E9A95 /* RecipeModelMapper.swift in Sources */ = {isa = PBXBuildFile; fileRef = F2430A99290901F7002E9A95 /* RecipeModelMapper.swift */; };
		F2430A9D29090288002E9A95 /* StackRecipeCardViewModel.swift in Sources */ = {isa = PBXBuildFile; fileRef = F2430A9C29090288002E9A95 /* StackRecipeCardViewModel.swift */; };
		F2430AA0290904E2002E9A95 /* SearchRecipeView.swift in Sources */ = {isa = PBXBuildFile; fileRef = F2430A9F290904E2002E9A95 /* SearchRecipeView.swift */; };
		F2430AA2290915CB002E9A95 /* SaveRecipesUseCaseProtocol.swift in Sources */ = {isa = PBXBuildFile; fileRef = F2430AA1290915CB002E9A95 /* SaveRecipesUseCaseProtocol.swift */; };
		F2430AA429091631002E9A95 /* SaveRecipe.swift in Sources */ = {isa = PBXBuildFile; fileRef = F2430AA329091631002E9A95 /* SaveRecipe.swift */; };
		F2430AA629091B90002E9A95 /* DummyTempTestLogic.swift in Sources */ = {isa = PBXBuildFile; fileRef = F2430AA529091B90002E9A95 /* DummyTempTestLogic.swift */; };
		F2430AA929092D3F002E9A95 /* FavoriteRecipesView.swift in Sources */ = {isa = PBXBuildFile; fileRef = F2430AA829092D3F002E9A95 /* FavoriteRecipesView.swift */; };
		F2430AAB29092DB0002E9A95 /* FavoriteRecipesViewModel.swift in Sources */ = {isa = PBXBuildFile; fileRef = F2430AAA29092DB0002E9A95 /* FavoriteRecipesViewModel.swift */; };
		F2430AAE2909A00A002E9A95 /* SearchRecipeViewModel.swift in Sources */ = {isa = PBXBuildFile; fileRef = F2430AAD2909A00A002E9A95 /* SearchRecipeViewModel.swift */; };
		F2430AB02909A09B002E9A95 /* SearchRecipeUseCaseProcotol.swift in Sources */ = {isa = PBXBuildFile; fileRef = F2430AAF2909A09B002E9A95 /* SearchRecipeUseCaseProcotol.swift */; };
		F2430AB22909A146002E9A95 /* SearchRecipe.swift in Sources */ = {isa = PBXBuildFile; fileRef = F2430AB12909A146002E9A95 /* SearchRecipe.swift */; };
		F2430AB42909A270002E9A95 /* FoodAPISearchRecipeResponse.swift in Sources */ = {isa = PBXBuildFile; fileRef = F2430AB32909A270002E9A95 /* FoodAPISearchRecipeResponse.swift */; };
		F2430AB62909BBA2002E9A95 /* RecipeResult.swift in Sources */ = {isa = PBXBuildFile; fileRef = F2430AB52909BBA2002E9A95 /* RecipeResult.swift */; };
		F2430AB82909BBBD002E9A95 /* Nutrition.swift in Sources */ = {isa = PBXBuildFile; fileRef = F2430AB72909BBBD002E9A95 /* Nutrition.swift */; };
		F2430ABA2909BBCB002E9A95 /* Nutrient.swift in Sources */ = {isa = PBXBuildFile; fileRef = F2430AB92909BBCB002E9A95 /* Nutrient.swift */; };
		F29D073E2908B210003634AC /* DependencyInjectionResolver.swift in Sources */ = {isa = PBXBuildFile; fileRef = F29D073D2908B210003634AC /* DependencyInjectionResolver.swift */; };
		F29D07402908B28A003634AC /* DIContainer.swift in Sources */ = {isa = PBXBuildFile; fileRef = F29D073F2908B28A003634AC /* DIContainer.swift */; };
		F29D07442908C4B6003634AC /* RecipesDiscoverView.swift in Sources */ = {isa = PBXBuildFile; fileRef = F29D07432908C4B6003634AC /* RecipesDiscoverView.swift */; };
		F29D07492908C611003634AC /* RecipeRepositoryImpl.swift in Sources */ = {isa = PBXBuildFile; fileRef = F29D07482908C611003634AC /* RecipeRepositoryImpl.swift */; };
		F29D074B2908C626003634AC /* RecipeRepositoryProtocol.swift in Sources */ = {isa = PBXBuildFile; fileRef = F29D074A2908C626003634AC /* RecipeRepositoryProtocol.swift */; };
		F29D074E2908CCB7003634AC /* GetRecipesUseCaseProtocol.swift in Sources */ = {isa = PBXBuildFile; fileRef = F29D074D2908CCB7003634AC /* GetRecipesUseCaseProtocol.swift */; };
		F29D07522908CD44003634AC /* GetRecipes.swift in Sources */ = {isa = PBXBuildFile; fileRef = F29D07512908CD44003634AC /* GetRecipes.swift */; };
		F29D07552908D005003634AC /* RecipesDiscoverViewModel.swift in Sources */ = {isa = PBXBuildFile; fileRef = F29D07542908D005003634AC /* RecipesDiscoverViewModel.swift */; };
		F29D075A2908E0CC003634AC /* DummyFile.swift in Sources */ = {isa = PBXBuildFile; fileRef = F29D07592908E0CC003634AC /* DummyFile.swift */; };
		F29D075C2908E816003634AC /* AnalyzedInstructionModel.swift in Sources */ = {isa = PBXBuildFile; fileRef = F29D075B2908E816003634AC /* AnalyzedInstructionModel.swift */; };
		F29D075E2908E863003634AC /* StepModel.swift in Sources */ = {isa = PBXBuildFile; fileRef = F29D075D2908E863003634AC /* StepModel.swift */; };
		F29D07602908E8BB003634AC /* EntModel.swift in Sources */ = {isa = PBXBuildFile; fileRef = F29D075F2908E8BB003634AC /* EntModel.swift */; };
		F29D07622908E91D003634AC /* LengthModel.swift in Sources */ = {isa = PBXBuildFile; fileRef = F29D07612908E91D003634AC /* LengthModel.swift */; };
		F29D07662908E9FE003634AC /* ExtendedIngredientModel.swift in Sources */ = {isa = PBXBuildFile; fileRef = F29D07652908E9FE003634AC /* ExtendedIngredientModel.swift */; };
		F29D07682908EA49003634AC /* MeasuresModel.swift in Sources */ = {isa = PBXBuildFile; fileRef = F29D07672908EA49003634AC /* MeasuresModel.swift */; };
		F29D076A2908EA8F003634AC /* MetricModel.swift in Sources */ = {isa = PBXBuildFile; fileRef = F29D07692908EA8F003634AC /* MetricModel.swift */; };
		F2A67C3229089CAC00E29089 /* CupidCookApp.swift in Sources */ = {isa = PBXBuildFile; fileRef = F2A67C3129089CAC00E29089 /* CupidCookApp.swift */; };
		F2A67C3429089CAC00E29089 /* ContentView.swift in Sources */ = {isa = PBXBuildFile; fileRef = F2A67C3329089CAC00E29089 /* ContentView.swift */; };
		F2A67C3629089CAC00E29089 /* Assets.xcassets in Resources */ = {isa = PBXBuildFile; fileRef = F2A67C3529089CAC00E29089 /* Assets.xcassets */; };
		F2A67C3929089CAD00E29089 /* Preview Assets.xcassets in Resources */ = {isa = PBXBuildFile; fileRef = F2A67C3829089CAD00E29089 /* Preview Assets.xcassets */; };
		F2A67C4329089CAD00E29089 /* CupidCookTests.swift in Sources */ = {isa = PBXBuildFile; fileRef = F2A67C4229089CAD00E29089 /* CupidCookTests.swift */; };
		F2A67C4D29089CAD00E29089 /* CupidCookUITests.swift in Sources */ = {isa = PBXBuildFile; fileRef = F2A67C4C29089CAD00E29089 /* CupidCookUITests.swift */; };
		F2A67C4F29089CAD00E29089 /* CupidCookUITestsLaunchTests.swift in Sources */ = {isa = PBXBuildFile; fileRef = F2A67C4E29089CAD00E29089 /* CupidCookUITestsLaunchTests.swift */; };
		F2BBC1A42908A77C00FDAB7F /* SpoonacularAPI.swift in Sources */ = {isa = PBXBuildFile; fileRef = F2BBC1A32908A77C00FDAB7F /* SpoonacularAPI.swift */; };
		F2BBC1A82908A8D100FDAB7F /* RandomRecipesParameters.swift in Sources */ = {isa = PBXBuildFile; fileRef = F2BBC1A72908A8D100FDAB7F /* RandomRecipesParameters.swift */; };
		F2BBC1AA2908A8EE00FDAB7F /* FoodApiRandomRecipesResponse.swift in Sources */ = {isa = PBXBuildFile; fileRef = F2BBC1A92908A8EE00FDAB7F /* FoodApiRandomRecipesResponse.swift */; };
		F2BBC1AC2908A92000FDAB7F /* SearchRecipeParameters.swift in Sources */ = {isa = PBXBuildFile; fileRef = F2BBC1AB2908A92000FDAB7F /* SearchRecipeParameters.swift */; };
		F2BBC1AF2908A95F00FDAB7F /* NetworkManager.swift in Sources */ = {isa = PBXBuildFile; fileRef = F2BBC1AE2908A95F00FDAB7F /* NetworkManager.swift */; };
		F2BBC1B22908A9DE00FDAB7F /* CCRouter.swift in Sources */ = {isa = PBXBuildFile; fileRef = F2BBC1B12908A9DE00FDAB7F /* CCRouter.swift */; };
		F2BBC1B42908AA0D00FDAB7F /* NetworkRouterProtocol.swift in Sources */ = {isa = PBXBuildFile; fileRef = F2BBC1B32908AA0D00FDAB7F /* NetworkRouterProtocol.swift */; };
		F2BBC1B62908AA3B00FDAB7F /* EndPointType.swift in Sources */ = {isa = PBXBuildFile; fileRef = F2BBC1B52908AA3B00FDAB7F /* EndPointType.swift */; };
		F2BBC1B82908AA6400FDAB7F /* CCNetworkError.swift in Sources */ = {isa = PBXBuildFile; fileRef = F2BBC1B72908AA6400FDAB7F /* CCNetworkError.swift */; };
		F2BBC1BC2908AAD400FDAB7F /* RecipeModel.swift in Sources */ = {isa = PBXBuildFile; fileRef = F2BBC1BB2908AAD400FDAB7F /* RecipeModel.swift */; };
		F2BBC1BF2908AE9E00FDAB7F /* ApiParametersMock.swift in Sources */ = {isa = PBXBuildFile; fileRef = F2BBC1BE2908AE9E00FDAB7F /* ApiParametersMock.swift */; };
/* End PBXBuildFile section */

/* Begin PBXContainerItemProxy section */
		F2A67C3F29089CAD00E29089 /* PBXContainerItemProxy */ = {
			isa = PBXContainerItemProxy;
			containerPortal = F2A67C2629089CAC00E29089 /* Project object */;
			proxyType = 1;
			remoteGlobalIDString = F2A67C2D29089CAC00E29089;
			remoteInfo = CupidCook;
		};
		F2A67C4929089CAD00E29089 /* PBXContainerItemProxy */ = {
			isa = PBXContainerItemProxy;
			containerPortal = F2A67C2629089CAC00E29089 /* Project object */;
			proxyType = 1;
			remoteGlobalIDString = F2A67C2D29089CAC00E29089;
			remoteInfo = CupidCook;
		};
/* End PBXContainerItemProxy section */

/* Begin PBXFileReference section */
		1D4B7CB3DC4AB3B4D598E7EC /* Pods_CupidCook.framework */ = {isa = PBXFileReference; explicitFileType = wrapper.framework; includeInIndex = 0; path = Pods_CupidCook.framework; sourceTree = BUILT_PRODUCTS_DIR; };
		3C62E9A2BEA206F8C653E2E8 /* Pods-CupidCookTests.release.xcconfig */ = {isa = PBXFileReference; includeInIndex = 1; lastKnownFileType = text.xcconfig; name = "Pods-CupidCookTests.release.xcconfig"; path = "Target Support Files/Pods-CupidCookTests/Pods-CupidCookTests.release.xcconfig"; sourceTree = "<group>"; };
		5EC2AB56D0916A227C16B665 /* Pods-CupidCookTests.debug.xcconfig */ = {isa = PBXFileReference; includeInIndex = 1; lastKnownFileType = text.xcconfig; name = "Pods-CupidCookTests.debug.xcconfig"; path = "Target Support Files/Pods-CupidCookTests/Pods-CupidCookTests.debug.xcconfig"; sourceTree = "<group>"; };
		7F3A01C7B8C705CEAFFBEAE2 /* Pods-CupidCook.release.xcconfig */ = {isa = PBXFileReference; includeInIndex = 1; lastKnownFileType = text.xcconfig; name = "Pods-CupidCook.release.xcconfig"; path = "Target Support Files/Pods-CupidCook/Pods-CupidCook.release.xcconfig"; sourceTree = "<group>"; };
		908E597133E1168A7CFB823F /* Pods-CupidCook-CupidCookUITests.debug.xcconfig */ = {isa = PBXFileReference; includeInIndex = 1; lastKnownFileType = text.xcconfig; name = "Pods-CupidCook-CupidCookUITests.debug.xcconfig"; path = "Target Support Files/Pods-CupidCook-CupidCookUITests/Pods-CupidCook-CupidCookUITests.debug.xcconfig"; sourceTree = "<group>"; };
		A355E903B1626B94B7FE200B /* Pods_CupidCook_CupidCookUITests.framework */ = {isa = PBXFileReference; explicitFileType = wrapper.framework; includeInIndex = 0; path = Pods_CupidCook_CupidCookUITests.framework; sourceTree = BUILT_PRODUCTS_DIR; };
		DC8DF662A819CB69E2E295BB /* Pods-CupidCook-CupidCookUITests.release.xcconfig */ = {isa = PBXFileReference; includeInIndex = 1; lastKnownFileType = text.xcconfig; name = "Pods-CupidCook-CupidCookUITests.release.xcconfig"; path = "Target Support Files/Pods-CupidCook-CupidCookUITests/Pods-CupidCook-CupidCookUITests.release.xcconfig"; sourceTree = "<group>"; };
		E1FAF0203227674EA9982738 /* Pods-CupidCook.debug.xcconfig */ = {isa = PBXFileReference; includeInIndex = 1; lastKnownFileType = text.xcconfig; name = "Pods-CupidCook.debug.xcconfig"; path = "Target Support Files/Pods-CupidCook/Pods-CupidCook.debug.xcconfig"; sourceTree = "<group>"; };
		EB6C4D371ACAA0CF91D379D6 /* Pods_CupidCookTests.framework */ = {isa = PBXFileReference; explicitFileType = wrapper.framework; includeInIndex = 0; path = Pods_CupidCookTests.framework; sourceTree = BUILT_PRODUCTS_DIR; };
		F2430A8E2908F8E3002E9A95 /* CircleButton.swift */ = {isa = PBXFileReference; lastKnownFileType = sourcecode.swift; path = CircleButton.swift; sourceTree = "<group>"; };
		F2430A902908F950002E9A95 /* StackRecipeCardView.swift */ = {isa = PBXFileReference; lastKnownFileType = sourcecode.swift; path = StackRecipeCardView.swift; sourceTree = "<group>"; };
		F2430A962909019C002E9A95 /* Recipe.swift */ = {isa = PBXFileReference; lastKnownFileType = sourcecode.swift; path = Recipe.swift; sourceTree = "<group>"; };
		F2430A99290901F7002E9A95 /* RecipeModelMapper.swift */ = {isa = PBXFileReference; lastKnownFileType = sourcecode.swift; path = RecipeModelMapper.swift; sourceTree = "<group>"; };
		F2430A9C29090288002E9A95 /* StackRecipeCardViewModel.swift */ = {isa = PBXFileReference; lastKnownFileType = sourcecode.swift; path = StackRecipeCardViewModel.swift; sourceTree = "<group>"; };
		F2430A9F290904E2002E9A95 /* SearchRecipeView.swift */ = {isa = PBXFileReference; lastKnownFileType = sourcecode.swift; path = SearchRecipeView.swift; sourceTree = "<group>"; };
		F2430AA1290915CB002E9A95 /* SaveRecipesUseCaseProtocol.swift */ = {isa = PBXFileReference; lastKnownFileType = sourcecode.swift; path = SaveRecipesUseCaseProtocol.swift; sourceTree = "<group>"; };
		F2430AA329091631002E9A95 /* SaveRecipe.swift */ = {isa = PBXFileReference; lastKnownFileType = sourcecode.swift; path = SaveRecipe.swift; sourceTree = "<group>"; };
		F2430AA529091B90002E9A95 /* DummyTempTestLogic.swift */ = {isa = PBXFileReference; lastKnownFileType = sourcecode.swift; path = DummyTempTestLogic.swift; sourceTree = "<group>"; };
		F2430AA829092D3F002E9A95 /* FavoriteRecipesView.swift */ = {isa = PBXFileReference; lastKnownFileType = sourcecode.swift; path = FavoriteRecipesView.swift; sourceTree = "<group>"; };
		F2430AAA29092DB0002E9A95 /* FavoriteRecipesViewModel.swift */ = {isa = PBXFileReference; lastKnownFileType = sourcecode.swift; path = FavoriteRecipesViewModel.swift; sourceTree = "<group>"; };
		F2430AAD2909A00A002E9A95 /* SearchRecipeViewModel.swift */ = {isa = PBXFileReference; lastKnownFileType = sourcecode.swift; path = SearchRecipeViewModel.swift; sourceTree = "<group>"; };
		F2430AAF2909A09B002E9A95 /* SearchRecipeUseCaseProcotol.swift */ = {isa = PBXFileReference; lastKnownFileType = sourcecode.swift; path = SearchRecipeUseCaseProcotol.swift; sourceTree = "<group>"; };
		F2430AB12909A146002E9A95 /* SearchRecipe.swift */ = {isa = PBXFileReference; lastKnownFileType = sourcecode.swift; path = SearchRecipe.swift; sourceTree = "<group>"; };
		F2430AB32909A270002E9A95 /* FoodAPISearchRecipeResponse.swift */ = {isa = PBXFileReference; lastKnownFileType = sourcecode.swift; path = FoodAPISearchRecipeResponse.swift; sourceTree = "<group>"; };
		F2430AB52909BBA2002E9A95 /* RecipeResult.swift */ = {isa = PBXFileReference; lastKnownFileType = sourcecode.swift; path = RecipeResult.swift; sourceTree = "<group>"; };
		F2430AB72909BBBD002E9A95 /* Nutrition.swift */ = {isa = PBXFileReference; lastKnownFileType = sourcecode.swift; path = Nutrition.swift; sourceTree = "<group>"; };
		F2430AB92909BBCB002E9A95 /* Nutrient.swift */ = {isa = PBXFileReference; lastKnownFileType = sourcecode.swift; path = Nutrient.swift; sourceTree = "<group>"; };
		F29D073D2908B210003634AC /* DependencyInjectionResolver.swift */ = {isa = PBXFileReference; lastKnownFileType = sourcecode.swift; path = DependencyInjectionResolver.swift; sourceTree = "<group>"; };
		F29D073F2908B28A003634AC /* DIContainer.swift */ = {isa = PBXFileReference; lastKnownFileType = sourcecode.swift; path = DIContainer.swift; sourceTree = "<group>"; };
		F29D07432908C4B6003634AC /* RecipesDiscoverView.swift */ = {isa = PBXFileReference; lastKnownFileType = sourcecode.swift; path = RecipesDiscoverView.swift; sourceTree = "<group>"; };
		F29D07482908C611003634AC /* RecipeRepositoryImpl.swift */ = {isa = PBXFileReference; lastKnownFileType = sourcecode.swift; path = RecipeRepositoryImpl.swift; sourceTree = "<group>"; };
		F29D074A2908C626003634AC /* RecipeRepositoryProtocol.swift */ = {isa = PBXFileReference; lastKnownFileType = sourcecode.swift; path = RecipeRepositoryProtocol.swift; sourceTree = "<group>"; };
		F29D074D2908CCB7003634AC /* GetRecipesUseCaseProtocol.swift */ = {isa = PBXFileReference; lastKnownFileType = sourcecode.swift; path = GetRecipesUseCaseProtocol.swift; sourceTree = "<group>"; };
		F29D07512908CD44003634AC /* GetRecipes.swift */ = {isa = PBXFileReference; lastKnownFileType = sourcecode.swift; path = GetRecipes.swift; sourceTree = "<group>"; };
		F29D07532908CF7A003634AC /* Info.plist */ = {isa = PBXFileReference; lastKnownFileType = text.plist; path = Info.plist; sourceTree = "<group>"; };
		F29D07542908D005003634AC /* RecipesDiscoverViewModel.swift */ = {isa = PBXFileReference; lastKnownFileType = sourcecode.swift; path = RecipesDiscoverViewModel.swift; sourceTree = "<group>"; };
		F29D07592908E0CC003634AC /* DummyFile.swift */ = {isa = PBXFileReference; lastKnownFileType = sourcecode.swift; path = DummyFile.swift; sourceTree = "<group>"; };
		F29D075B2908E816003634AC /* AnalyzedInstructionModel.swift */ = {isa = PBXFileReference; lastKnownFileType = sourcecode.swift; path = AnalyzedInstructionModel.swift; sourceTree = "<group>"; };
		F29D075D2908E863003634AC /* StepModel.swift */ = {isa = PBXFileReference; lastKnownFileType = sourcecode.swift; path = StepModel.swift; sourceTree = "<group>"; };
		F29D075F2908E8BB003634AC /* EntModel.swift */ = {isa = PBXFileReference; lastKnownFileType = sourcecode.swift; path = EntModel.swift; sourceTree = "<group>"; };
		F29D07612908E91D003634AC /* LengthModel.swift */ = {isa = PBXFileReference; lastKnownFileType = sourcecode.swift; path = LengthModel.swift; sourceTree = "<group>"; };
		F29D07652908E9FE003634AC /* ExtendedIngredientModel.swift */ = {isa = PBXFileReference; lastKnownFileType = sourcecode.swift; path = ExtendedIngredientModel.swift; sourceTree = "<group>"; };
		F29D07672908EA49003634AC /* MeasuresModel.swift */ = {isa = PBXFileReference; lastKnownFileType = sourcecode.swift; path = MeasuresModel.swift; sourceTree = "<group>"; };
		F29D07692908EA8F003634AC /* MetricModel.swift */ = {isa = PBXFileReference; lastKnownFileType = sourcecode.swift; path = MetricModel.swift; sourceTree = "<group>"; };
		F2A67C2E29089CAC00E29089 /* CupidCook.app */ = {isa = PBXFileReference; explicitFileType = wrapper.application; includeInIndex = 0; path = CupidCook.app; sourceTree = BUILT_PRODUCTS_DIR; };
		F2A67C3129089CAC00E29089 /* CupidCookApp.swift */ = {isa = PBXFileReference; lastKnownFileType = sourcecode.swift; path = CupidCookApp.swift; sourceTree = "<group>"; };
		F2A67C3329089CAC00E29089 /* ContentView.swift */ = {isa = PBXFileReference; lastKnownFileType = sourcecode.swift; path = ContentView.swift; sourceTree = "<group>"; };
		F2A67C3529089CAC00E29089 /* Assets.xcassets */ = {isa = PBXFileReference; lastKnownFileType = folder.assetcatalog; path = Assets.xcassets; sourceTree = "<group>"; };
		F2A67C3829089CAD00E29089 /* Preview Assets.xcassets */ = {isa = PBXFileReference; lastKnownFileType = folder.assetcatalog; path = "Preview Assets.xcassets"; sourceTree = "<group>"; };
		F2A67C3E29089CAD00E29089 /* CupidCookTests.xctest */ = {isa = PBXFileReference; explicitFileType = wrapper.cfbundle; includeInIndex = 0; path = CupidCookTests.xctest; sourceTree = BUILT_PRODUCTS_DIR; };
		F2A67C4229089CAD00E29089 /* CupidCookTests.swift */ = {isa = PBXFileReference; lastKnownFileType = sourcecode.swift; path = CupidCookTests.swift; sourceTree = "<group>"; };
		F2A67C4829089CAD00E29089 /* CupidCookUITests.xctest */ = {isa = PBXFileReference; explicitFileType = wrapper.cfbundle; includeInIndex = 0; path = CupidCookUITests.xctest; sourceTree = BUILT_PRODUCTS_DIR; };
		F2A67C4C29089CAD00E29089 /* CupidCookUITests.swift */ = {isa = PBXFileReference; lastKnownFileType = sourcecode.swift; path = CupidCookUITests.swift; sourceTree = "<group>"; };
		F2A67C4E29089CAD00E29089 /* CupidCookUITestsLaunchTests.swift */ = {isa = PBXFileReference; lastKnownFileType = sourcecode.swift; path = CupidCookUITestsLaunchTests.swift; sourceTree = "<group>"; };
		F2BBC1A32908A77C00FDAB7F /* SpoonacularAPI.swift */ = {isa = PBXFileReference; lastKnownFileType = sourcecode.swift; path = SpoonacularAPI.swift; sourceTree = "<group>"; };
		F2BBC1A72908A8D100FDAB7F /* RandomRecipesParameters.swift */ = {isa = PBXFileReference; lastKnownFileType = sourcecode.swift; path = RandomRecipesParameters.swift; sourceTree = "<group>"; };
		F2BBC1A92908A8EE00FDAB7F /* FoodApiRandomRecipesResponse.swift */ = {isa = PBXFileReference; lastKnownFileType = sourcecode.swift; path = FoodApiRandomRecipesResponse.swift; sourceTree = "<group>"; };
		F2BBC1AB2908A92000FDAB7F /* SearchRecipeParameters.swift */ = {isa = PBXFileReference; lastKnownFileType = sourcecode.swift; path = SearchRecipeParameters.swift; sourceTree = "<group>"; };
		F2BBC1AE2908A95F00FDAB7F /* NetworkManager.swift */ = {isa = PBXFileReference; lastKnownFileType = sourcecode.swift; path = NetworkManager.swift; sourceTree = "<group>"; };
		F2BBC1B12908A9DE00FDAB7F /* CCRouter.swift */ = {isa = PBXFileReference; lastKnownFileType = sourcecode.swift; path = CCRouter.swift; sourceTree = "<group>"; };
		F2BBC1B32908AA0D00FDAB7F /* NetworkRouterProtocol.swift */ = {isa = PBXFileReference; lastKnownFileType = sourcecode.swift; path = NetworkRouterProtocol.swift; sourceTree = "<group>"; };
		F2BBC1B52908AA3B00FDAB7F /* EndPointType.swift */ = {isa = PBXFileReference; lastKnownFileType = sourcecode.swift; path = EndPointType.swift; sourceTree = "<group>"; };
		F2BBC1B72908AA6400FDAB7F /* CCNetworkError.swift */ = {isa = PBXFileReference; lastKnownFileType = sourcecode.swift; path = CCNetworkError.swift; sourceTree = "<group>"; };
		F2BBC1BB2908AAD400FDAB7F /* RecipeModel.swift */ = {isa = PBXFileReference; lastKnownFileType = sourcecode.swift; path = RecipeModel.swift; sourceTree = "<group>"; };
		F2BBC1BE2908AE9E00FDAB7F /* ApiParametersMock.swift */ = {isa = PBXFileReference; lastKnownFileType = sourcecode.swift; path = ApiParametersMock.swift; sourceTree = "<group>"; };
/* End PBXFileReference section */

/* Begin PBXFrameworksBuildPhase section */
		F2A67C2B29089CAC00E29089 /* Frameworks */ = {
			isa = PBXFrameworksBuildPhase;
			buildActionMask = 2147483647;
			files = (
				22399040471AB0302B759D88 /* Pods_CupidCook.framework in Frameworks */,
			);
			runOnlyForDeploymentPostprocessing = 0;
		};
		F2A67C3B29089CAD00E29089 /* Frameworks */ = {
			isa = PBXFrameworksBuildPhase;
			buildActionMask = 2147483647;
			files = (
				8046CA51ABB77ECE349D441F /* Pods_CupidCookTests.framework in Frameworks */,
			);
			runOnlyForDeploymentPostprocessing = 0;
		};
		F2A67C4529089CAD00E29089 /* Frameworks */ = {
			isa = PBXFrameworksBuildPhase;
			buildActionMask = 2147483647;
			files = (
				6386BE9E30EE6289543BB30E /* Pods_CupidCook_CupidCookUITests.framework in Frameworks */,
			);
			runOnlyForDeploymentPostprocessing = 0;
		};
/* End PBXFrameworksBuildPhase section */

/* Begin PBXGroup section */
		0FC8771448947F5797D2FDCC /* Pods */ = {
			isa = PBXGroup;
			children = (
				E1FAF0203227674EA9982738 /* Pods-CupidCook.debug.xcconfig */,
				7F3A01C7B8C705CEAFFBEAE2 /* Pods-CupidCook.release.xcconfig */,
				908E597133E1168A7CFB823F /* Pods-CupidCook-CupidCookUITests.debug.xcconfig */,
				DC8DF662A819CB69E2E295BB /* Pods-CupidCook-CupidCookUITests.release.xcconfig */,
				5EC2AB56D0916A227C16B665 /* Pods-CupidCookTests.debug.xcconfig */,
				3C62E9A2BEA206F8C653E2E8 /* Pods-CupidCookTests.release.xcconfig */,
			);
			path = Pods;
			sourceTree = "<group>";
		};
		7CAE0F2EAC48C887F3811962 /* Frameworks */ = {
			isa = PBXGroup;
			children = (
				1D4B7CB3DC4AB3B4D598E7EC /* Pods_CupidCook.framework */,
				A355E903B1626B94B7FE200B /* Pods_CupidCook_CupidCookUITests.framework */,
				EB6C4D371ACAA0CF91D379D6 /* Pods_CupidCookTests.framework */,
			);
			name = Frameworks;
			sourceTree = "<group>";
		};
		F2430A952909018E002E9A95 /* Entities */ = {
			isa = PBXGroup;
			children = (
				F2430A962909019C002E9A95 /* Recipe.swift */,
			);
			path = Entities;
			sourceTree = "<group>";
		};
		F2430A98290901ED002E9A95 /* Mappers */ = {
			isa = PBXGroup;
			children = (
				F2430A99290901F7002E9A95 /* RecipeModelMapper.swift */,
			);
			path = Mappers;
			sourceTree = "<group>";
		};
		F2430A9B2909027B002E9A95 /* Card */ = {
			isa = PBXGroup;
			children = (
				F2430A902908F950002E9A95 /* StackRecipeCardView.swift */,
				F2430A9C29090288002E9A95 /* StackRecipeCardViewModel.swift */,
			);
			path = Card;
			sourceTree = "<group>";
		};
		F2430A9E290904CC002E9A95 /* Search */ = {
			isa = PBXGroup;
			children = (
				F2430A9F290904E2002E9A95 /* SearchRecipeView.swift */,
				F2430AAD2909A00A002E9A95 /* SearchRecipeViewModel.swift */,
			);
			path = Search;
			sourceTree = "<group>";
		};
		F2430AA729092D15002E9A95 /* Favorites */ = {
			isa = PBXGroup;
			children = (
				F2430AA829092D3F002E9A95 /* FavoriteRecipesView.swift */,
				F2430AAA29092DB0002E9A95 /* FavoriteRecipesViewModel.swift */,
			);
			path = Favorites;
			sourceTree = "<group>";
		};
		F2430AAC29098104002E9A95 /* Button */ = {
			isa = PBXGroup;
			children = (
				F2430A8E2908F8E3002E9A95 /* CircleButton.swift */,
			);
			path = Button;
			sourceTree = "<group>";
		};
		F24E21BE2908A585007B8600 /* Resources */ = {
			isa = PBXGroup;
			children = (
				F2A67C3529089CAC00E29089 /* Assets.xcassets */,
				F29D07592908E0CC003634AC /* DummyFile.swift */,
			);
			path = Resources;
			sourceTree = "<group>";
		};
		F29D073C2908B206003634AC /* DI */ = {
			isa = PBXGroup;
			children = (
				F29D073D2908B210003634AC /* DependencyInjectionResolver.swift */,
				F29D073F2908B28A003634AC /* DIContainer.swift */,
			);
			path = DI;
			sourceTree = "<group>";
		};
		F29D07412908C48B003634AC /* Presentation */ = {
			isa = PBXGroup;
			children = (
				F29D07452908C4BF003634AC /* Components */,
				F2430AA729092D15002E9A95 /* Favorites */,
				F2430A9E290904CC002E9A95 /* Search */,
				F29D07422908C493003634AC /* Discover */,
			);
			path = Presentation;
			sourceTree = "<group>";
		};
		F29D07422908C493003634AC /* Discover */ = {
			isa = PBXGroup;
			children = (
				F29D07432908C4B6003634AC /* RecipesDiscoverView.swift */,
				F29D07542908D005003634AC /* RecipesDiscoverViewModel.swift */,
			);
			path = Discover;
			sourceTree = "<group>";
		};
		F29D07452908C4BF003634AC /* Components */ = {
			isa = PBXGroup;
			children = (
				F2430AAC29098104002E9A95 /* Button */,
				F2430A9B2909027B002E9A95 /* Card */,
			);
			path = Components;
			sourceTree = "<group>";
		};
		F29D07462908C4D7003634AC /* App */ = {
			isa = PBXGroup;
			children = (
				F2A67C3329089CAC00E29089 /* ContentView.swift */,
				F2A67C3129089CAC00E29089 /* CupidCookApp.swift */,
			);
			path = App;
			sourceTree = "<group>";
		};
		F29D07472908C572003634AC /* Repositories */ = {
			isa = PBXGroup;
			children = (
				F29D07482908C611003634AC /* RecipeRepositoryImpl.swift */,
				F2430AA529091B90002E9A95 /* DummyTempTestLogic.swift */,
				F29D074A2908C626003634AC /* RecipeRepositoryProtocol.swift */,
			);
			path = Repositories;
			sourceTree = "<group>";
		};
		F29D074C2908CC9C003634AC /* UseCases */ = {
			isa = PBXGroup;
			children = (
				F29D07502908CD17003634AC /* Protocols */,
				F29D074F2908CCC0003634AC /* Recipes */,
			);
			path = UseCases;
			sourceTree = "<group>";
		};
		F29D074F2908CCC0003634AC /* Recipes */ = {
			isa = PBXGroup;
			children = (
				F29D07512908CD44003634AC /* GetRecipes.swift */,
				F2430AA329091631002E9A95 /* SaveRecipe.swift */,
				F2430AB12909A146002E9A95 /* SearchRecipe.swift */,
			);
			path = Recipes;
			sourceTree = "<group>";
		};
		F29D07502908CD17003634AC /* Protocols */ = {
			isa = PBXGroup;
			children = (
				F29D074D2908CCB7003634AC /* GetRecipesUseCaseProtocol.swift */,
				F2430AAF2909A09B002E9A95 /* SearchRecipeUseCaseProcotol.swift */,
				F2430AA1290915CB002E9A95 /* SaveRecipesUseCaseProtocol.swift */,
			);
			path = Protocols;
			sourceTree = "<group>";
		};
		F2A67C2529089CAC00E29089 = {
			isa = PBXGroup;
			children = (
				F2A67C3029089CAC00E29089 /* CupidCook */,
				F2A67C4129089CAD00E29089 /* CupidCookTests */,
				F2A67C4B29089CAD00E29089 /* CupidCookUITests */,
				F2A67C2F29089CAC00E29089 /* Products */,
				0FC8771448947F5797D2FDCC /* Pods */,
				7CAE0F2EAC48C887F3811962 /* Frameworks */,
			);
			sourceTree = "<group>";
		};
		F2A67C2F29089CAC00E29089 /* Products */ = {
			isa = PBXGroup;
			children = (
				F2A67C2E29089CAC00E29089 /* CupidCook.app */,
				F2A67C3E29089CAD00E29089 /* CupidCookTests.xctest */,
				F2A67C4829089CAD00E29089 /* CupidCookUITests.xctest */,
			);
			name = Products;
			sourceTree = "<group>";
		};
		F2A67C3029089CAC00E29089 /* CupidCook */ = {
			isa = PBXGroup;
			children = (
				F29D07532908CF7A003634AC /* Info.plist */,
				F29D07462908C4D7003634AC /* App */,
				F29D073C2908B206003634AC /* DI */,
				F29D07412908C48B003634AC /* Presentation */,
				F2BBC1B92908AAAB00FDAB7F /* Domain */,
				F2BBC1A02908A73100FDAB7F /* Data */,
				F24E21BE2908A585007B8600 /* Resources */,
				F2A67C3729089CAD00E29089 /* Preview Content */,
			);
			path = CupidCook;
			sourceTree = "<group>";
		};
		F2A67C3729089CAD00E29089 /* Preview Content */ = {
			isa = PBXGroup;
			children = (
				F2A67C3829089CAD00E29089 /* Preview Assets.xcassets */,
			);
			path = "Preview Content";
			sourceTree = "<group>";
		};
		F2A67C4129089CAD00E29089 /* CupidCookTests */ = {
			isa = PBXGroup;
			children = (
				F2BBC1BD2908AB4200FDAB7F /* Data */,
			);
			path = CupidCookTests;
			sourceTree = "<group>";
		};
		F2A67C4B29089CAD00E29089 /* CupidCookUITests */ = {
			isa = PBXGroup;
			children = (
				F2A67C4C29089CAD00E29089 /* CupidCookUITests.swift */,
				F2A67C4E29089CAD00E29089 /* CupidCookUITestsLaunchTests.swift */,
			);
			path = CupidCookUITests;
			sourceTree = "<group>";
		};
		F2BBC1A02908A73100FDAB7F /* Data */ = {
			isa = PBXGroup;
			children = (
				F2BBC1BA2908AAB600FDAB7F /* Models */,
				F2BBC1A12908A73700FDAB7F /* DataSource */,
			);
			path = Data;
			sourceTree = "<group>";
		};
		F2BBC1A12908A73700FDAB7F /* DataSource */ = {
			isa = PBXGroup;
			children = (
				F2BBC1A22908A75100FDAB7F /* Networking */,
			);
			path = DataSource;
			sourceTree = "<group>";
		};
		F2BBC1A22908A75100FDAB7F /* Networking */ = {
			isa = PBXGroup;
			children = (
				F2BBC1B02908A9BB00FDAB7F /* Service */,
				F2BBC1AD2908A94E00FDAB7F /* Manager */,
				F2BBC1A52908A7A000FDAB7F /* Endpoints */,
			);
			path = Networking;
			sourceTree = "<group>";
		};
		F2BBC1A52908A7A000FDAB7F /* Endpoints */ = {
			isa = PBXGroup;
			children = (
				F2BBC1A32908A77C00FDAB7F /* SpoonacularAPI.swift */,
			);
			path = Endpoints;
			sourceTree = "<group>";
		};
		F2BBC1A62908A8BE00FDAB7F /* Response */ = {
			isa = PBXGroup;
			children = (
				F2BBC1A72908A8D100FDAB7F /* RandomRecipesParameters.swift */,
				F2BBC1A92908A8EE00FDAB7F /* FoodApiRandomRecipesResponse.swift */,
				F2BBC1AB2908A92000FDAB7F /* SearchRecipeParameters.swift */,
				F2430AB32909A270002E9A95 /* FoodAPISearchRecipeResponse.swift */,
			);
			path = Response;
			sourceTree = "<group>";
		};
		F2BBC1AD2908A94E00FDAB7F /* Manager */ = {
			isa = PBXGroup;
			children = (
				F2BBC1AE2908A95F00FDAB7F /* NetworkManager.swift */,
			);
			path = Manager;
			sourceTree = "<group>";
		};
		F2BBC1B02908A9BB00FDAB7F /* Service */ = {
			isa = PBXGroup;
			children = (
				F2BBC1B12908A9DE00FDAB7F /* CCRouter.swift */,
				F2BBC1B32908AA0D00FDAB7F /* NetworkRouterProtocol.swift */,
				F2BBC1B52908AA3B00FDAB7F /* EndPointType.swift */,
				F2BBC1B72908AA6400FDAB7F /* CCNetworkError.swift */,
			);
			path = Service;
			sourceTree = "<group>";
		};
		F2BBC1B92908AAAB00FDAB7F /* Domain */ = {
			isa = PBXGroup;
			children = (
				F2430A98290901ED002E9A95 /* Mappers */,
				F2430A952909018E002E9A95 /* Entities */,
				F29D074C2908CC9C003634AC /* UseCases */,
				F29D07472908C572003634AC /* Repositories */,
			);
			path = Domain;
			sourceTree = "<group>";
		};
		F2BBC1BA2908AAB600FDAB7F /* Models */ = {
			isa = PBXGroup;
			children = (
				F2BBC1A62908A8BE00FDAB7F /* Response */,
				F2BBC1BB2908AAD400FDAB7F /* RecipeModel.swift */,
				F29D075B2908E816003634AC /* AnalyzedInstructionModel.swift */,
				F29D075D2908E863003634AC /* StepModel.swift */,
				F29D075F2908E8BB003634AC /* EntModel.swift */,
				F29D07612908E91D003634AC /* LengthModel.swift */,
				F29D07652908E9FE003634AC /* ExtendedIngredientModel.swift */,
				F29D07672908EA49003634AC /* MeasuresModel.swift */,
				F29D07692908EA8F003634AC /* MetricModel.swift */,
				F2430AB52909BBA2002E9A95 /* RecipeResult.swift */,
				F2430AB72909BBBD002E9A95 /* Nutrition.swift */,
				F2430AB92909BBCB002E9A95 /* Nutrient.swift */,
			);
			path = Models;
			sourceTree = "<group>";
		};
		F2BBC1BD2908AB4200FDAB7F /* Data */ = {
			isa = PBXGroup;
			children = (
				F2A67C4229089CAD00E29089 /* CupidCookTests.swift */,
				F2BBC1BE2908AE9E00FDAB7F /* ApiParametersMock.swift */,
			);
			path = Data;
			sourceTree = "<group>";
		};
/* End PBXGroup section */

/* Begin PBXNativeTarget section */
		F2A67C2D29089CAC00E29089 /* CupidCook */ = {
			isa = PBXNativeTarget;
			buildConfigurationList = F2A67C5229089CAD00E29089 /* Build configuration list for PBXNativeTarget "CupidCook" */;
			buildPhases = (
				9749DCFD352F1A872333867B /* [CP] Check Pods Manifest.lock */,
				F2A67C2A29089CAC00E29089 /* Sources */,
				F2A67C2B29089CAC00E29089 /* Frameworks */,
				F2A67C2C29089CAC00E29089 /* Resources */,
				392033CF5A230E4D176AD00A /* [CP] Embed Pods Frameworks */,
			);
			buildRules = (
			);
			dependencies = (
			);
			name = CupidCook;
			productName = CupidCook;
			productReference = F2A67C2E29089CAC00E29089 /* CupidCook.app */;
			productType = "com.apple.product-type.application";
		};
		F2A67C3D29089CAD00E29089 /* CupidCookTests */ = {
			isa = PBXNativeTarget;
			buildConfigurationList = F2A67C5529089CAD00E29089 /* Build configuration list for PBXNativeTarget "CupidCookTests" */;
			buildPhases = (
				7062F157125C11514F7C56C5 /* [CP] Check Pods Manifest.lock */,
				F2A67C3A29089CAD00E29089 /* Sources */,
				F2A67C3B29089CAD00E29089 /* Frameworks */,
				F2A67C3C29089CAD00E29089 /* Resources */,
			);
			buildRules = (
			);
			dependencies = (
				F2A67C4029089CAD00E29089 /* PBXTargetDependency */,
			);
			name = CupidCookTests;
			productName = CupidCookTests;
			productReference = F2A67C3E29089CAD00E29089 /* CupidCookTests.xctest */;
			productType = "com.apple.product-type.bundle.unit-test";
		};
		F2A67C4729089CAD00E29089 /* CupidCookUITests */ = {
			isa = PBXNativeTarget;
			buildConfigurationList = F2A67C5829089CAD00E29089 /* Build configuration list for PBXNativeTarget "CupidCookUITests" */;
			buildPhases = (
				F8353E8AA58263E3F3803891 /* [CP] Check Pods Manifest.lock */,
				F2A67C4429089CAD00E29089 /* Sources */,
				F2A67C4529089CAD00E29089 /* Frameworks */,
				F2A67C4629089CAD00E29089 /* Resources */,
				E812BD0CDC42988E78B557FC /* [CP] Embed Pods Frameworks */,
			);
			buildRules = (
			);
			dependencies = (
				F2A67C4A29089CAD00E29089 /* PBXTargetDependency */,
			);
			name = CupidCookUITests;
			productName = CupidCookUITests;
			productReference = F2A67C4829089CAD00E29089 /* CupidCookUITests.xctest */;
			productType = "com.apple.product-type.bundle.ui-testing";
		};
/* End PBXNativeTarget section */

/* Begin PBXProject section */
		F2A67C2629089CAC00E29089 /* Project object */ = {
			isa = PBXProject;
			attributes = {
				BuildIndependentTargetsInParallel = 1;
				LastSwiftUpdateCheck = 1400;
				LastUpgradeCheck = 1400;
				TargetAttributes = {
					F2A67C2D29089CAC00E29089 = {
						CreatedOnToolsVersion = 14.0.1;
					};
					F2A67C3D29089CAD00E29089 = {
						CreatedOnToolsVersion = 14.0.1;
						TestTargetID = F2A67C2D29089CAC00E29089;
					};
					F2A67C4729089CAD00E29089 = {
						CreatedOnToolsVersion = 14.0.1;
						TestTargetID = F2A67C2D29089CAC00E29089;
					};
				};
			};
			buildConfigurationList = F2A67C2929089CAC00E29089 /* Build configuration list for PBXProject "CupidCook" */;
			compatibilityVersion = "Xcode 14.0";
			developmentRegion = en;
			hasScannedForEncodings = 0;
			knownRegions = (
				en,
				Base,
			);
			mainGroup = F2A67C2529089CAC00E29089;
			productRefGroup = F2A67C2F29089CAC00E29089 /* Products */;
			projectDirPath = "";
			projectRoot = "";
			targets = (
				F2A67C2D29089CAC00E29089 /* CupidCook */,
				F2A67C3D29089CAD00E29089 /* CupidCookTests */,
				F2A67C4729089CAD00E29089 /* CupidCookUITests */,
			);
		};
/* End PBXProject section */

/* Begin PBXResourcesBuildPhase section */
		F2A67C2C29089CAC00E29089 /* Resources */ = {
			isa = PBXResourcesBuildPhase;
			buildActionMask = 2147483647;
			files = (
				F2A67C3929089CAD00E29089 /* Preview Assets.xcassets in Resources */,
				F2A67C3629089CAC00E29089 /* Assets.xcassets in Resources */,
			);
			runOnlyForDeploymentPostprocessing = 0;
		};
		F2A67C3C29089CAD00E29089 /* Resources */ = {
			isa = PBXResourcesBuildPhase;
			buildActionMask = 2147483647;
			files = (
			);
			runOnlyForDeploymentPostprocessing = 0;
		};
		F2A67C4629089CAD00E29089 /* Resources */ = {
			isa = PBXResourcesBuildPhase;
			buildActionMask = 2147483647;
			files = (
			);
			runOnlyForDeploymentPostprocessing = 0;
		};
/* End PBXResourcesBuildPhase section */

/* Begin PBXShellScriptBuildPhase section */
		392033CF5A230E4D176AD00A /* [CP] Embed Pods Frameworks */ = {
			isa = PBXShellScriptBuildPhase;
			buildActionMask = 2147483647;
			files = (
			);
			inputFileListPaths = (
				"${PODS_ROOT}/Target Support Files/Pods-CupidCook/Pods-CupidCook-frameworks-${CONFIGURATION}-input-files.xcfilelist",
			);
			name = "[CP] Embed Pods Frameworks";
			outputFileListPaths = (
				"${PODS_ROOT}/Target Support Files/Pods-CupidCook/Pods-CupidCook-frameworks-${CONFIGURATION}-output-files.xcfilelist",
			);
			runOnlyForDeploymentPostprocessing = 0;
			shellPath = /bin/sh;
			shellScript = "\"${PODS_ROOT}/Target Support Files/Pods-CupidCook/Pods-CupidCook-frameworks.sh\"\n";
			showEnvVarsInLog = 0;
		};
		7062F157125C11514F7C56C5 /* [CP] Check Pods Manifest.lock */ = {
			isa = PBXShellScriptBuildPhase;
			buildActionMask = 2147483647;
			files = (
			);
			inputFileListPaths = (
			);
			inputPaths = (
				"${PODS_PODFILE_DIR_PATH}/Podfile.lock",
				"${PODS_ROOT}/Manifest.lock",
			);
			name = "[CP] Check Pods Manifest.lock";
			outputFileListPaths = (
			);
			outputPaths = (
				"$(DERIVED_FILE_DIR)/Pods-CupidCookTests-checkManifestLockResult.txt",
			);
			runOnlyForDeploymentPostprocessing = 0;
			shellPath = /bin/sh;
			shellScript = "diff \"${PODS_PODFILE_DIR_PATH}/Podfile.lock\" \"${PODS_ROOT}/Manifest.lock\" > /dev/null\nif [ $? != 0 ] ; then\n    # print error to STDERR\n    echo \"error: The sandbox is not in sync with the Podfile.lock. Run 'pod install' or update your CocoaPods installation.\" >&2\n    exit 1\nfi\n# This output is used by Xcode 'outputs' to avoid re-running this script phase.\necho \"SUCCESS\" > \"${SCRIPT_OUTPUT_FILE_0}\"\n";
			showEnvVarsInLog = 0;
		};
		9749DCFD352F1A872333867B /* [CP] Check Pods Manifest.lock */ = {
			isa = PBXShellScriptBuildPhase;
			buildActionMask = 2147483647;
			files = (
			);
			inputFileListPaths = (
			);
			inputPaths = (
				"${PODS_PODFILE_DIR_PATH}/Podfile.lock",
				"${PODS_ROOT}/Manifest.lock",
			);
			name = "[CP] Check Pods Manifest.lock";
			outputFileListPaths = (
			);
			outputPaths = (
				"$(DERIVED_FILE_DIR)/Pods-CupidCook-checkManifestLockResult.txt",
			);
			runOnlyForDeploymentPostprocessing = 0;
			shellPath = /bin/sh;
			shellScript = "diff \"${PODS_PODFILE_DIR_PATH}/Podfile.lock\" \"${PODS_ROOT}/Manifest.lock\" > /dev/null\nif [ $? != 0 ] ; then\n    # print error to STDERR\n    echo \"error: The sandbox is not in sync with the Podfile.lock. Run 'pod install' or update your CocoaPods installation.\" >&2\n    exit 1\nfi\n# This output is used by Xcode 'outputs' to avoid re-running this script phase.\necho \"SUCCESS\" > \"${SCRIPT_OUTPUT_FILE_0}\"\n";
			showEnvVarsInLog = 0;
		};
		E812BD0CDC42988E78B557FC /* [CP] Embed Pods Frameworks */ = {
			isa = PBXShellScriptBuildPhase;
			buildActionMask = 2147483647;
			files = (
			);
			inputFileListPaths = (
				"${PODS_ROOT}/Target Support Files/Pods-CupidCook-CupidCookUITests/Pods-CupidCook-CupidCookUITests-frameworks-${CONFIGURATION}-input-files.xcfilelist",
			);
			name = "[CP] Embed Pods Frameworks";
			outputFileListPaths = (
				"${PODS_ROOT}/Target Support Files/Pods-CupidCook-CupidCookUITests/Pods-CupidCook-CupidCookUITests-frameworks-${CONFIGURATION}-output-files.xcfilelist",
			);
			runOnlyForDeploymentPostprocessing = 0;
			shellPath = /bin/sh;
			shellScript = "\"${PODS_ROOT}/Target Support Files/Pods-CupidCook-CupidCookUITests/Pods-CupidCook-CupidCookUITests-frameworks.sh\"\n";
			showEnvVarsInLog = 0;
		};
		F8353E8AA58263E3F3803891 /* [CP] Check Pods Manifest.lock */ = {
			isa = PBXShellScriptBuildPhase;
			buildActionMask = 2147483647;
			files = (
			);
			inputFileListPaths = (
			);
			inputPaths = (
				"${PODS_PODFILE_DIR_PATH}/Podfile.lock",
				"${PODS_ROOT}/Manifest.lock",
			);
			name = "[CP] Check Pods Manifest.lock";
			outputFileListPaths = (
			);
			outputPaths = (
				"$(DERIVED_FILE_DIR)/Pods-CupidCook-CupidCookUITests-checkManifestLockResult.txt",
			);
			runOnlyForDeploymentPostprocessing = 0;
			shellPath = /bin/sh;
			shellScript = "diff \"${PODS_PODFILE_DIR_PATH}/Podfile.lock\" \"${PODS_ROOT}/Manifest.lock\" > /dev/null\nif [ $? != 0 ] ; then\n    # print error to STDERR\n    echo \"error: The sandbox is not in sync with the Podfile.lock. Run 'pod install' or update your CocoaPods installation.\" >&2\n    exit 1\nfi\n# This output is used by Xcode 'outputs' to avoid re-running this script phase.\necho \"SUCCESS\" > \"${SCRIPT_OUTPUT_FILE_0}\"\n";
			showEnvVarsInLog = 0;
		};
/* End PBXShellScriptBuildPhase section */

/* Begin PBXSourcesBuildPhase section */
		F2A67C2A29089CAC00E29089 /* Sources */ = {
			isa = PBXSourcesBuildPhase;
			buildActionMask = 2147483647;
			files = (
				F29D075C2908E816003634AC /* AnalyzedInstructionModel.swift in Sources */,
				F2430AA2290915CB002E9A95 /* SaveRecipesUseCaseProtocol.swift in Sources */,
				F2430AA429091631002E9A95 /* SaveRecipe.swift in Sources */,
				F29D07402908B28A003634AC /* DIContainer.swift in Sources */,
				F2430AA929092D3F002E9A95 /* FavoriteRecipesView.swift in Sources */,
				F29D073E2908B210003634AC /* DependencyInjectionResolver.swift in Sources */,
				F2430A912908F950002E9A95 /* StackRecipeCardView.swift in Sources */,
				F29D07602908E8BB003634AC /* EntModel.swift in Sources */,
				F2BBC1B22908A9DE00FDAB7F /* CCRouter.swift in Sources */,
				F29D07442908C4B6003634AC /* RecipesDiscoverView.swift in Sources */,
				F29D07682908EA49003634AC /* MeasuresModel.swift in Sources */,
				F2430AA629091B90002E9A95 /* DummyTempTestLogic.swift in Sources */,
				F2430AA0290904E2002E9A95 /* SearchRecipeView.swift in Sources */,
				F2BBC1A82908A8D100FDAB7F /* RandomRecipesParameters.swift in Sources */,
				F2A67C3429089CAC00E29089 /* ContentView.swift in Sources */,
				F2430AB22909A146002E9A95 /* SearchRecipe.swift in Sources */,
				F2430AB62909BBA2002E9A95 /* RecipeResult.swift in Sources */,
				F2430AB82909BBBD002E9A95 /* Nutrition.swift in Sources */,
				F29D076A2908EA8F003634AC /* MetricModel.swift in Sources */,
				F29D075E2908E863003634AC /* StepModel.swift in Sources */,
				F2BBC1BC2908AAD400FDAB7F /* RecipeModel.swift in Sources */,
				F2A67C3229089CAC00E29089 /* CupidCookApp.swift in Sources */,
				F2430ABA2909BBCB002E9A95 /* Nutrient.swift in Sources */,
				F2430A9A290901F7002E9A95 /* RecipeModelMapper.swift in Sources */,
				F2BBC1AF2908A95F00FDAB7F /* NetworkManager.swift in Sources */,
				F2BBC1AC2908A92000FDAB7F /* SearchRecipeParameters.swift in Sources */,
				F29D07522908CD44003634AC /* GetRecipes.swift in Sources */,
				F29D07552908D005003634AC /* RecipesDiscoverViewModel.swift in Sources */,
				F2430AAE2909A00A002E9A95 /* SearchRecipeViewModel.swift in Sources */,
				F2BBC1B42908AA0D00FDAB7F /* NetworkRouterProtocol.swift in Sources */,
				F29D074E2908CCB7003634AC /* GetRecipesUseCaseProtocol.swift in Sources */,
				F29D07622908E91D003634AC /* LengthModel.swift in Sources */,
				F2430A8F2908F8E3002E9A95 /* CircleButton.swift in Sources */,
				F2BBC1A42908A77C00FDAB7F /* SpoonacularAPI.swift in Sources */,
				F2BBC1B62908AA3B00FDAB7F /* EndPointType.swift in Sources */,
				F29D074B2908C626003634AC /* RecipeRepositoryProtocol.swift in Sources */,
				F2BBC1AA2908A8EE00FDAB7F /* FoodApiRandomRecipesResponse.swift in Sources */,
				F2430AB42909A270002E9A95 /* FoodAPISearchRecipeResponse.swift in Sources */,
				F2BBC1B82908AA6400FDAB7F /* CCNetworkError.swift in Sources */,
				F2430A9D29090288002E9A95 /* StackRecipeCardViewModel.swift in Sources */,
				F2430AAB29092DB0002E9A95 /* FavoriteRecipesViewModel.swift in Sources */,
				F29D07662908E9FE003634AC /* ExtendedIngredientModel.swift in Sources */,
				F2430AB02909A09B002E9A95 /* SearchRecipeUseCaseProcotol.swift in Sources */,
				F29D075A2908E0CC003634AC /* DummyFile.swift in Sources */,
				F29D07492908C611003634AC /* RecipeRepositoryImpl.swift in Sources */,
				F2430A972909019C002E9A95 /* Recipe.swift in Sources */,
			);
			runOnlyForDeploymentPostprocessing = 0;
		};
		F2A67C3A29089CAD00E29089 /* Sources */ = {
			isa = PBXSourcesBuildPhase;
			buildActionMask = 2147483647;
			files = (
				F2BBC1BF2908AE9E00FDAB7F /* ApiParametersMock.swift in Sources */,
				F2A67C4329089CAD00E29089 /* CupidCookTests.swift in Sources */,
			);
			runOnlyForDeploymentPostprocessing = 0;
		};
		F2A67C4429089CAD00E29089 /* Sources */ = {
			isa = PBXSourcesBuildPhase;
			buildActionMask = 2147483647;
			files = (
				F2A67C4F29089CAD00E29089 /* CupidCookUITestsLaunchTests.swift in Sources */,
				F2A67C4D29089CAD00E29089 /* CupidCookUITests.swift in Sources */,
			);
			runOnlyForDeploymentPostprocessing = 0;
		};
/* End PBXSourcesBuildPhase section */

/* Begin PBXTargetDependency section */
		F2A67C4029089CAD00E29089 /* PBXTargetDependency */ = {
			isa = PBXTargetDependency;
			target = F2A67C2D29089CAC00E29089 /* CupidCook */;
			targetProxy = F2A67C3F29089CAD00E29089 /* PBXContainerItemProxy */;
		};
		F2A67C4A29089CAD00E29089 /* PBXTargetDependency */ = {
			isa = PBXTargetDependency;
			target = F2A67C2D29089CAC00E29089 /* CupidCook */;
			targetProxy = F2A67C4929089CAD00E29089 /* PBXContainerItemProxy */;
		};
/* End PBXTargetDependency section */

/* Begin XCBuildConfiguration section */
		F2A67C5029089CAD00E29089 /* Debug */ = {
			isa = XCBuildConfiguration;
			buildSettings = {
				ALWAYS_SEARCH_USER_PATHS = NO;
				CLANG_ANALYZER_NONNULL = YES;
				CLANG_ANALYZER_NUMBER_OBJECT_CONVERSION = YES_AGGRESSIVE;
				CLANG_CXX_LANGUAGE_STANDARD = "gnu++20";
				CLANG_ENABLE_MODULES = YES;
				CLANG_ENABLE_OBJC_ARC = YES;
				CLANG_ENABLE_OBJC_WEAK = YES;
				CLANG_WARN_BLOCK_CAPTURE_AUTORELEASING = YES;
				CLANG_WARN_BOOL_CONVERSION = YES;
				CLANG_WARN_COMMA = YES;
				CLANG_WARN_CONSTANT_CONVERSION = YES;
				CLANG_WARN_DEPRECATED_OBJC_IMPLEMENTATIONS = YES;
				CLANG_WARN_DIRECT_OBJC_ISA_USAGE = YES_ERROR;
				CLANG_WARN_DOCUMENTATION_COMMENTS = YES;
				CLANG_WARN_EMPTY_BODY = YES;
				CLANG_WARN_ENUM_CONVERSION = YES;
				CLANG_WARN_INFINITE_RECURSION = YES;
				CLANG_WARN_INT_CONVERSION = YES;
				CLANG_WARN_NON_LITERAL_NULL_CONVERSION = YES;
				CLANG_WARN_OBJC_IMPLICIT_RETAIN_SELF = YES;
				CLANG_WARN_OBJC_LITERAL_CONVERSION = YES;
				CLANG_WARN_OBJC_ROOT_CLASS = YES_ERROR;
				CLANG_WARN_QUOTED_INCLUDE_IN_FRAMEWORK_HEADER = YES;
				CLANG_WARN_RANGE_LOOP_ANALYSIS = YES;
				CLANG_WARN_STRICT_PROTOTYPES = YES;
				CLANG_WARN_SUSPICIOUS_MOVE = YES;
				CLANG_WARN_UNGUARDED_AVAILABILITY = YES_AGGRESSIVE;
				CLANG_WARN_UNREACHABLE_CODE = YES;
				CLANG_WARN__DUPLICATE_METHOD_MATCH = YES;
				COPY_PHASE_STRIP = NO;
				DEBUG_INFORMATION_FORMAT = dwarf;
				ENABLE_STRICT_OBJC_MSGSEND = YES;
				ENABLE_TESTABILITY = YES;
				GCC_C_LANGUAGE_STANDARD = gnu11;
				GCC_DYNAMIC_NO_PIC = NO;
				GCC_NO_COMMON_BLOCKS = YES;
				GCC_OPTIMIZATION_LEVEL = 0;
				GCC_PREPROCESSOR_DEFINITIONS = (
					"DEBUG=1",
					"$(inherited)",
				);
				GCC_WARN_64_TO_32_BIT_CONVERSION = YES;
				GCC_WARN_ABOUT_RETURN_TYPE = YES_ERROR;
				GCC_WARN_UNDECLARED_SELECTOR = YES;
				GCC_WARN_UNINITIALIZED_AUTOS = YES_AGGRESSIVE;
				GCC_WARN_UNUSED_FUNCTION = YES;
				GCC_WARN_UNUSED_VARIABLE = YES;
				IPHONEOS_DEPLOYMENT_TARGET = 16.0;
				MTL_ENABLE_DEBUG_INFO = INCLUDE_SOURCE;
				MTL_FAST_MATH = YES;
				ONLY_ACTIVE_ARCH = YES;
				SDKROOT = iphoneos;
				SWIFT_ACTIVE_COMPILATION_CONDITIONS = DEBUG;
				SWIFT_OPTIMIZATION_LEVEL = "-Onone";
			};
			name = Debug;
		};
		F2A67C5129089CAD00E29089 /* Release */ = {
			isa = XCBuildConfiguration;
			buildSettings = {
				ALWAYS_SEARCH_USER_PATHS = NO;
				CLANG_ANALYZER_NONNULL = YES;
				CLANG_ANALYZER_NUMBER_OBJECT_CONVERSION = YES_AGGRESSIVE;
				CLANG_CXX_LANGUAGE_STANDARD = "gnu++20";
				CLANG_ENABLE_MODULES = YES;
				CLANG_ENABLE_OBJC_ARC = YES;
				CLANG_ENABLE_OBJC_WEAK = YES;
				CLANG_WARN_BLOCK_CAPTURE_AUTORELEASING = YES;
				CLANG_WARN_BOOL_CONVERSION = YES;
				CLANG_WARN_COMMA = YES;
				CLANG_WARN_CONSTANT_CONVERSION = YES;
				CLANG_WARN_DEPRECATED_OBJC_IMPLEMENTATIONS = YES;
				CLANG_WARN_DIRECT_OBJC_ISA_USAGE = YES_ERROR;
				CLANG_WARN_DOCUMENTATION_COMMENTS = YES;
				CLANG_WARN_EMPTY_BODY = YES;
				CLANG_WARN_ENUM_CONVERSION = YES;
				CLANG_WARN_INFINITE_RECURSION = YES;
				CLANG_WARN_INT_CONVERSION = YES;
				CLANG_WARN_NON_LITERAL_NULL_CONVERSION = YES;
				CLANG_WARN_OBJC_IMPLICIT_RETAIN_SELF = YES;
				CLANG_WARN_OBJC_LITERAL_CONVERSION = YES;
				CLANG_WARN_OBJC_ROOT_CLASS = YES_ERROR;
				CLANG_WARN_QUOTED_INCLUDE_IN_FRAMEWORK_HEADER = YES;
				CLANG_WARN_RANGE_LOOP_ANALYSIS = YES;
				CLANG_WARN_STRICT_PROTOTYPES = YES;
				CLANG_WARN_SUSPICIOUS_MOVE = YES;
				CLANG_WARN_UNGUARDED_AVAILABILITY = YES_AGGRESSIVE;
				CLANG_WARN_UNREACHABLE_CODE = YES;
				CLANG_WARN__DUPLICATE_METHOD_MATCH = YES;
				COPY_PHASE_STRIP = NO;
				DEBUG_INFORMATION_FORMAT = "dwarf-with-dsym";
				ENABLE_NS_ASSERTIONS = NO;
				ENABLE_STRICT_OBJC_MSGSEND = YES;
				GCC_C_LANGUAGE_STANDARD = gnu11;
				GCC_NO_COMMON_BLOCKS = YES;
				GCC_WARN_64_TO_32_BIT_CONVERSION = YES;
				GCC_WARN_ABOUT_RETURN_TYPE = YES_ERROR;
				GCC_WARN_UNDECLARED_SELECTOR = YES;
				GCC_WARN_UNINITIALIZED_AUTOS = YES_AGGRESSIVE;
				GCC_WARN_UNUSED_FUNCTION = YES;
				GCC_WARN_UNUSED_VARIABLE = YES;
				IPHONEOS_DEPLOYMENT_TARGET = 16.0;
				MTL_ENABLE_DEBUG_INFO = NO;
				MTL_FAST_MATH = YES;
				SDKROOT = iphoneos;
				SWIFT_COMPILATION_MODE = wholemodule;
				SWIFT_OPTIMIZATION_LEVEL = "-O";
				VALIDATE_PRODUCT = YES;
			};
			name = Release;
		};
		F2A67C5329089CAD00E29089 /* Debug */ = {
			isa = XCBuildConfiguration;
			baseConfigurationReference = E1FAF0203227674EA9982738 /* Pods-CupidCook.debug.xcconfig */;
			buildSettings = {
				ASSETCATALOG_COMPILER_APPICON_NAME = AppIcon;
				ASSETCATALOG_COMPILER_GLOBAL_ACCENT_COLOR_NAME = AccentColor;
				CODE_SIGN_STYLE = Automatic;
				CURRENT_PROJECT_VERSION = 1;
				DEVELOPMENT_ASSET_PATHS = "\"CupidCook/Preview Content\"";
				DEVELOPMENT_TEAM = NB9XP58HLG;
				ENABLE_PREVIEWS = YES;
				GENERATE_INFOPLIST_FILE = YES;
				INFOPLIST_FILE = CupidCook/Info.plist;
				INFOPLIST_KEY_UIApplicationSceneManifest_Generation = YES;
				INFOPLIST_KEY_UIApplicationSupportsIndirectInputEvents = YES;
				INFOPLIST_KEY_UILaunchScreen_Generation = YES;
				INFOPLIST_KEY_UISupportedInterfaceOrientations_iPad = "UIInterfaceOrientationPortrait UIInterfaceOrientationPortraitUpsideDown UIInterfaceOrientationLandscapeLeft UIInterfaceOrientationLandscapeRight";
				INFOPLIST_KEY_UISupportedInterfaceOrientations_iPhone = "UIInterfaceOrientationPortrait UIInterfaceOrientationLandscapeLeft UIInterfaceOrientationLandscapeRight";
				LD_RUNPATH_SEARCH_PATHS = (
					"$(inherited)",
					"@executable_path/Frameworks",
				);
				MARKETING_VERSION = 1.0;
				PRODUCT_BUNDLE_IDENTIFIER = PhiBytes.CupidCook;
				PRODUCT_NAME = "$(TARGET_NAME)";
				SWIFT_EMIT_LOC_STRINGS = YES;
				SWIFT_VERSION = 5.0;
				TARGETED_DEVICE_FAMILY = "1,2";
			};
			name = Debug;
		};
		F2A67C5429089CAD00E29089 /* Release */ = {
			isa = XCBuildConfiguration;
			baseConfigurationReference = 7F3A01C7B8C705CEAFFBEAE2 /* Pods-CupidCook.release.xcconfig */;
			buildSettings = {
				ASSETCATALOG_COMPILER_APPICON_NAME = AppIcon;
				ASSETCATALOG_COMPILER_GLOBAL_ACCENT_COLOR_NAME = AccentColor;
				CODE_SIGN_STYLE = Automatic;
				CURRENT_PROJECT_VERSION = 1;
				DEVELOPMENT_ASSET_PATHS = "\"CupidCook/Preview Content\"";
				DEVELOPMENT_TEAM = NB9XP58HLG;
				ENABLE_PREVIEWS = YES;
				GENERATE_INFOPLIST_FILE = YES;
				INFOPLIST_FILE = CupidCook/Info.plist;
				INFOPLIST_KEY_UIApplicationSceneManifest_Generation = YES;
				INFOPLIST_KEY_UIApplicationSupportsIndirectInputEvents = YES;
				INFOPLIST_KEY_UILaunchScreen_Generation = YES;
				INFOPLIST_KEY_UISupportedInterfaceOrientations_iPad = "UIInterfaceOrientationPortrait UIInterfaceOrientationPortraitUpsideDown UIInterfaceOrientationLandscapeLeft UIInterfaceOrientationLandscapeRight";
				INFOPLIST_KEY_UISupportedInterfaceOrientations_iPhone = "UIInterfaceOrientationPortrait UIInterfaceOrientationLandscapeLeft UIInterfaceOrientationLandscapeRight";
				LD_RUNPATH_SEARCH_PATHS = (
					"$(inherited)",
					"@executable_path/Frameworks",
				);
				MARKETING_VERSION = 1.0;
				PRODUCT_BUNDLE_IDENTIFIER = PhiBytes.CupidCook;
				PRODUCT_NAME = "$(TARGET_NAME)";
				SWIFT_EMIT_LOC_STRINGS = YES;
				SWIFT_VERSION = 5.0;
				TARGETED_DEVICE_FAMILY = "1,2";
			};
			name = Release;
		};
		F2A67C5629089CAD00E29089 /* Debug */ = {
			isa = XCBuildConfiguration;
			baseConfigurationReference = 5EC2AB56D0916A227C16B665 /* Pods-CupidCookTests.debug.xcconfig */;
			buildSettings = {
				ALWAYS_EMBED_SWIFT_STANDARD_LIBRARIES = YES;
				BUNDLE_LOADER = "$(TEST_HOST)";
				CODE_SIGN_STYLE = Automatic;
				CURRENT_PROJECT_VERSION = 1;
				DEVELOPMENT_TEAM = NB9XP58HLG;
				GENERATE_INFOPLIST_FILE = YES;
				IPHONEOS_DEPLOYMENT_TARGET = 16.0;
				MARKETING_VERSION = 1.0;
				PRODUCT_BUNDLE_IDENTIFIER = PhiBytes.CupidCookTests;
				PRODUCT_NAME = "$(TARGET_NAME)";
				SWIFT_EMIT_LOC_STRINGS = NO;
				SWIFT_VERSION = 5.0;
				TARGETED_DEVICE_FAMILY = "1,2";
				TEST_HOST = "$(BUILT_PRODUCTS_DIR)/CupidCook.app/$(BUNDLE_EXECUTABLE_FOLDER_PATH)/CupidCook";
			};
			name = Debug;
		};
		F2A67C5729089CAD00E29089 /* Release */ = {
			isa = XCBuildConfiguration;
			baseConfigurationReference = 3C62E9A2BEA206F8C653E2E8 /* Pods-CupidCookTests.release.xcconfig */;
			buildSettings = {
				ALWAYS_EMBED_SWIFT_STANDARD_LIBRARIES = YES;
				BUNDLE_LOADER = "$(TEST_HOST)";
				CODE_SIGN_STYLE = Automatic;
				CURRENT_PROJECT_VERSION = 1;
				DEVELOPMENT_TEAM = NB9XP58HLG;
				GENERATE_INFOPLIST_FILE = YES;
				IPHONEOS_DEPLOYMENT_TARGET = 16.0;
				MARKETING_VERSION = 1.0;
				PRODUCT_BUNDLE_IDENTIFIER = PhiBytes.CupidCookTests;
				PRODUCT_NAME = "$(TARGET_NAME)";
				SWIFT_EMIT_LOC_STRINGS = NO;
				SWIFT_VERSION = 5.0;
				TARGETED_DEVICE_FAMILY = "1,2";
				TEST_HOST = "$(BUILT_PRODUCTS_DIR)/CupidCook.app/$(BUNDLE_EXECUTABLE_FOLDER_PATH)/CupidCook";
			};
			name = Release;
		};
		F2A67C5929089CAD00E29089 /* Debug */ = {
			isa = XCBuildConfiguration;
			baseConfigurationReference = 908E597133E1168A7CFB823F /* Pods-CupidCook-CupidCookUITests.debug.xcconfig */;
			buildSettings = {
				ALWAYS_EMBED_SWIFT_STANDARD_LIBRARIES = YES;
				CODE_SIGN_STYLE = Automatic;
				CURRENT_PROJECT_VERSION = 1;
				DEVELOPMENT_TEAM = NB9XP58HLG;
				GENERATE_INFOPLIST_FILE = YES;
				MARKETING_VERSION = 1.0;
				PRODUCT_BUNDLE_IDENTIFIER = PhiBytes.CupidCookUITests;
				PRODUCT_NAME = "$(TARGET_NAME)";
				SWIFT_EMIT_LOC_STRINGS = NO;
				SWIFT_VERSION = 5.0;
				TARGETED_DEVICE_FAMILY = "1,2";
				TEST_TARGET_NAME = CupidCook;
			};
			name = Debug;
		};
		F2A67C5A29089CAD00E29089 /* Release */ = {
			isa = XCBuildConfiguration;
			baseConfigurationReference = DC8DF662A819CB69E2E295BB /* Pods-CupidCook-CupidCookUITests.release.xcconfig */;
			buildSettings = {
				ALWAYS_EMBED_SWIFT_STANDARD_LIBRARIES = YES;
				CODE_SIGN_STYLE = Automatic;
				CURRENT_PROJECT_VERSION = 1;
				DEVELOPMENT_TEAM = NB9XP58HLG;
				GENERATE_INFOPLIST_FILE = YES;
				MARKETING_VERSION = 1.0;
				PRODUCT_BUNDLE_IDENTIFIER = PhiBytes.CupidCookUITests;
				PRODUCT_NAME = "$(TARGET_NAME)";
				SWIFT_EMIT_LOC_STRINGS = NO;
				SWIFT_VERSION = 5.0;
				TARGETED_DEVICE_FAMILY = "1,2";
				TEST_TARGET_NAME = CupidCook;
			};
			name = Release;
		};
/* End XCBuildConfiguration section */

/* Begin XCConfigurationList section */
		F2A67C2929089CAC00E29089 /* Build configuration list for PBXProject "CupidCook" */ = {
			isa = XCConfigurationList;
			buildConfigurations = (
				F2A67C5029089CAD00E29089 /* Debug */,
				F2A67C5129089CAD00E29089 /* Release */,
			);
			defaultConfigurationIsVisible = 0;
			defaultConfigurationName = Release;
		};
		F2A67C5229089CAD00E29089 /* Build configuration list for PBXNativeTarget "CupidCook" */ = {
			isa = XCConfigurationList;
			buildConfigurations = (
				F2A67C5329089CAD00E29089 /* Debug */,
				F2A67C5429089CAD00E29089 /* Release */,
			);
			defaultConfigurationIsVisible = 0;
			defaultConfigurationName = Release;
		};
		F2A67C5529089CAD00E29089 /* Build configuration list for PBXNativeTarget "CupidCookTests" */ = {
			isa = XCConfigurationList;
			buildConfigurations = (
				F2A67C5629089CAD00E29089 /* Debug */,
				F2A67C5729089CAD00E29089 /* Release */,
			);
			defaultConfigurationIsVisible = 0;
			defaultConfigurationName = Release;
		};
		F2A67C5829089CAD00E29089 /* Build configuration list for PBXNativeTarget "CupidCookUITests" */ = {
			isa = XCConfigurationList;
			buildConfigurations = (
				F2A67C5929089CAD00E29089 /* Debug */,
				F2A67C5A29089CAD00E29089 /* Release */,
			);
			defaultConfigurationIsVisible = 0;
			defaultConfigurationName = Release;
		};
/* End XCConfigurationList section */
	};
	rootObject = F2A67C2629089CAC00E29089 /* Project object */;
}
